# This file is automatically @generated by Cargo.
# It is not intended for manual editing.
version = 3

[[package]]
name = "bigtask"
version = "0.1.0"
dependencies = [
 "insides",
]

[[package]]
name = "dilate"
version = "0.6.2"
source = "registry+https://github.com/rust-lang/crates.io-index"
checksum = "38ad1521058992f3f41f1010454eb6e785653cb587ef2dc475ada10ca31a9ab5"

[[package]]
name = "insides"
version = "0.1.2"
dependencies = [
 "dilate",
]
